
Microsoft Visual Studio Solution File, Format Version 12.00
# Visual Studio Version 17
VisualStudioVersion = 17.11.35312.102
MinimumVisualStudioVersion = 10.0.40219.1
Project("{9A19103F-16F7-4668-BE54-9A1E7A4F7556}") = "SzkolenieTechniczne2.Cinema.Common", "SzkolenieTechniczne2.Cinema\SzkolenieTechniczne2.Cinema.Common.csproj", "{E4173A69-4FEF-4073-8D92-86CF9DB9F223}"
EndProject
Project("{9A19103F-16F7-4668-BE54-9A1E7A4F7556}") = "SzkolenieTechniczne2.Cinema.Domain", "SzkolenieTechniczne2.Cinema.Domain\SzkolenieTechniczne2.Cinema.Domain.csproj", "{64EFF150-537E-4161-9E58-987BE4B16DAD}"
EndProject
Global
	GlobalSection(SolutionConfigurationPlatforms) = preSolution
		Debug|Any CPU = Debug|Any CPU
		Release|Any CPU = Release|Any CPU
	EndGlobalSection
	GlobalSection(ProjectConfigurationPlatforms) = postSolution
		{E4173A69-4FEF-4073-8D92-86CF9DB9F223}.Debug|Any CPU.ActiveCfg = Debug|Any CPU
		{E4173A69-4FEF-4073-8D92-86CF9DB9F223}.Debug|Any CPU.Build.0 = Debug|Any CPU
		{E4173A69-4FEF-4073-8D92-86CF9DB9F223}.Release|Any CPU.ActiveCfg = Release|Any CPU
		{E4173A69-4FEF-4073-8D92-86CF9DB9F223}.Release|Any CPU.Build.0 = Release|Any CPU
		{64EFF150-537E-4161-9E58-987BE4B16DAD}.Debug|Any CPU.ActiveCfg = Debug|Any CPU
		{64EFF150-537E-4161-9E58-987BE4B16DAD}.Debug|Any CPU.Build.0 = Debug|Any CPU
		{64EFF150-537E-4161-9E58-987BE4B16DAD}.Release|Any CPU.ActiveCfg = Release|Any CPU
		{64EFF150-537E-4161-9E58-987BE4B16DAD}.Release|Any CPU.Build.0 = Release|Any CPU
	EndGlobalSection
	GlobalSection(SolutionProperties) = preSolution
		HideSolutionNode = FALSE
	EndGlobalSection
	GlobalSection(ExtensibilityGlobals) = postSolution
		SolutionGuid = {E03D96CA-4F3F-4BB6-9A76-955736413233}
	EndGlobalSection
EndGlobal
